// !$*UTF8*$!
{
	archiveVersion = 1;
	classes = {
	};
	objectVersion = 77;
	objects = {

/* Begin PBXBuildFile section */
		136F8FE76FB6EF7E46F60A8D /* Pods_ios_int2_NotificationService.framework in Frameworks */ = {isa = PBXBuildFile; fileRef = 22EF8BE3AC30BB2706A2F7D6 /* Pods_ios_int2_NotificationService.framework */; };
		CC185B452D82F16B00008741 /* NotificationService.appex in Embed Foundation Extensions */ = {isa = PBXBuildFile; fileRef = CC185B3E2D82F16A00008741 /* NotificationService.appex */; settings = {ATTRIBUTES = (RemoveHeadersOnCopy, ); }; };
		CC185B5A2D82F47F00008741 /* CleverTapSDK in Frameworks */ = {isa = PBXBuildFile; productRef = CC185B592D82F47F00008741 /* CleverTapSDK */; };
		EFA93BC8452A874C035F2977 /* Pods_ios_int2.framework in Frameworks */ = {isa = PBXBuildFile; fileRef = 5D971232307AC4A76D63F7B9 /* Pods_ios_int2.framework */; };
/* End PBXBuildFile section */

/* Begin PBXContainerItemProxy section */
		CC185B432D82F16B00008741 /* PBXContainerItemProxy */ = {
			isa = PBXContainerItemProxy;
			containerPortal = CC185A352D803ABB00008741 /* Project object */;
			proxyType = 1;
			remoteGlobalIDString = CC185B3D2D82F16A00008741;
			remoteInfo = NotificationService;
		};
/* End PBXContainerItemProxy section */

/* Begin PBXCopyFilesBuildPhase section */
		CC185B462D82F16B00008741 /* Embed Foundation Extensions */ = {
			isa = PBXCopyFilesBuildPhase;
			buildActionMask = 2147483647;
			dstPath = "";
			dstSubfolderSpec = 13;
			files = (
				CC185B452D82F16B00008741 /* NotificationService.appex in Embed Foundation Extensions */,
			);
			name = "Embed Foundation Extensions";
			runOnlyForDeploymentPostprocessing = 0;
		};
/* End PBXCopyFilesBuildPhase section */

/* Begin PBXFileReference section */
		1DE1D88D3BB30286E2A7F67F /* Pods-ios_int2.release.xcconfig */ = {isa = PBXFileReference; includeInIndex = 1; lastKnownFileType = text.xcconfig; name = "Pods-ios_int2.release.xcconfig"; path = "Target Support Files/Pods-ios_int2/Pods-ios_int2.release.xcconfig"; sourceTree = "<group>"; };
		22EF8BE3AC30BB2706A2F7D6 /* Pods_ios_int2_NotificationService.framework */ = {isa = PBXFileReference; explicitFileType = wrapper.framework; includeInIndex = 0; path = Pods_ios_int2_NotificationService.framework; sourceTree = BUILT_PRODUCTS_DIR; };
		416490E3BA02F5DD9EB03A70 /* Pods-ios_int2-NotificationService.release.xcconfig */ = {isa = PBXFileReference; includeInIndex = 1; lastKnownFileType = text.xcconfig; name = "Pods-ios_int2-NotificationService.release.xcconfig"; path = "Target Support Files/Pods-ios_int2-NotificationService/Pods-ios_int2-NotificationService.release.xcconfig"; sourceTree = "<group>"; };
		5D971232307AC4A76D63F7B9 /* Pods_ios_int2.framework */ = {isa = PBXFileReference; explicitFileType = wrapper.framework; includeInIndex = 0; path = Pods_ios_int2.framework; sourceTree = BUILT_PRODUCTS_DIR; };
		81AFC22DF1570C5790A238A4 /* Pods-ios_int2-NotificationService.debug.xcconfig */ = {isa = PBXFileReference; includeInIndex = 1; lastKnownFileType = text.xcconfig; name = "Pods-ios_int2-NotificationService.debug.xcconfig"; path = "Target Support Files/Pods-ios_int2-NotificationService/Pods-ios_int2-NotificationService.debug.xcconfig"; sourceTree = "<group>"; };
		9B061188A1E7DDC403957D47 /* Pods-ios_int2.debug.xcconfig */ = {isa = PBXFileReference; includeInIndex = 1; lastKnownFileType = text.xcconfig; name = "Pods-ios_int2.debug.xcconfig"; path = "Target Support Files/Pods-ios_int2/Pods-ios_int2.debug.xcconfig"; sourceTree = "<group>"; };
		CC185A3D2D803ABB00008741 /* ios_int2.app */ = {isa = PBXFileReference; explicitFileType = wrapper.application; includeInIndex = 0; path = ios_int2.app; sourceTree = BUILT_PRODUCTS_DIR; };
		CC185AA52D803E2B00008741 /* CleverTapSDK.bundle */ = {isa = PBXFileReference; explicitFileType = wrapper.cfbundle; path = CleverTapSDK.bundle; sourceTree = BUILT_PRODUCTS_DIR; };
		CC185B3E2D82F16A00008741 /* NotificationService.appex */ = {isa = PBXFileReference; explicitFileType = "wrapper.app-extension"; includeInIndex = 0; path = NotificationService.appex; sourceTree = BUILT_PRODUCTS_DIR; };
		CC185B4E2D82F30500008741 /* CleverTapSDK.framework */ = {isa = PBXFileReference; explicitFileType = wrapper.framework; path = CleverTapSDK.framework; sourceTree = BUILT_PRODUCTS_DIR; };
		CC185B542D82F36000008741 /* CleverTapSDK.framework */ = {isa = PBXFileReference; explicitFileType = wrapper.framework; path = CleverTapSDK.framework; sourceTree = BUILT_PRODUCTS_DIR; };
		CC9233212D96BF4100C954DB /* UserNotifications.framework */ = {isa = PBXFileReference; lastKnownFileType = wrapper.framework; name = UserNotifications.framework; path = System/Library/Frameworks/UserNotifications.framework; sourceTree = SDKROOT; };
		CC9233232D96BF4100C954DB /* UserNotificationsUI.framework */ = {isa = PBXFileReference; lastKnownFileType = wrapper.framework; name = UserNotificationsUI.framework; path = System/Library/Frameworks/UserNotificationsUI.framework; sourceTree = SDKROOT; };
/* End PBXFileReference section */

/* Begin PBXFileSystemSynchronizedBuildFileExceptionSet section */
		CC185A4F2D803ABD00008741 /* Exceptions for "ios_int2" folder in "ios_int2" target */ = {
			isa = PBXFileSystemSynchronizedBuildFileExceptionSet;
			membershipExceptions = (
				Info.plist,
			);
			target = CC185A3C2D803ABB00008741 /* ios_int2 */;
		};
		CC185B4A2D82F16B00008741 /* Exceptions for "NotificationService" folder in "NotificationService" target */ = {
			isa = PBXFileSystemSynchronizedBuildFileExceptionSet;
			membershipExceptions = (
				Info.plist,
			);
			target = CC185B3D2D82F16A00008741 /* NotificationService */;
		};
/* End PBXFileSystemSynchronizedBuildFileExceptionSet section */

/* Begin PBXFileSystemSynchronizedRootGroup section */
		CC185A3F2D803ABB00008741 /* ios_int2 */ = {
			isa = PBXFileSystemSynchronizedRootGroup;
			exceptions = (
				CC185A4F2D803ABD00008741 /* Exceptions for "ios_int2" folder in "ios_int2" target */,
			);
			path = ios_int2;
			sourceTree = "<group>";
		};
		CC185B3F2D82F16B00008741 /* NotificationService */ = {
			isa = PBXFileSystemSynchronizedRootGroup;
			exceptions = (
				CC185B4A2D82F16B00008741 /* Exceptions for "NotificationService" folder in "NotificationService" target */,
			);
			path = NotificationService;
			sourceTree = "<group>";
		};
		CC9233252D96BF4100C954DB /* NotificationContent */ = {
			isa = PBXFileSystemSynchronizedRootGroup;
			path = NotificationContent;
			sourceTree = "<group>";
		};
/* End PBXFileSystemSynchronizedRootGroup section */

/* Begin PBXFrameworksBuildPhase section */
		CC185A3A2D803ABB00008741 /* Frameworks */ = {
			isa = PBXFrameworksBuildPhase;
			buildActionMask = 2147483647;
			files = (
				EFA93BC8452A874C035F2977 /* Pods_ios_int2.framework in Frameworks */,
			);
			runOnlyForDeploymentPostprocessing = 0;
		};
		CC185B3B2D82F16A00008741 /* Frameworks */ = {
			isa = PBXFrameworksBuildPhase;
			buildActionMask = 2147483647;
			files = (
				CC185B5A2D82F47F00008741 /* CleverTapSDK in Frameworks */,
				136F8FE76FB6EF7E46F60A8D /* Pods_ios_int2_NotificationService.framework in Frameworks */,
			);
			runOnlyForDeploymentPostprocessing = 0;
		};
/* End PBXFrameworksBuildPhase section */

/* Begin PBXGroup section */
		07D24433C64A0EFB0C39604B /* Frameworks */ = {
			isa = PBXGroup;
			children = (
				CC185B542D82F36000008741 /* CleverTapSDK.framework */,
				CC185B4E2D82F30500008741 /* CleverTapSDK.framework */,
				CC185AA52D803E2B00008741 /* CleverTapSDK.bundle */,
				5D971232307AC4A76D63F7B9 /* Pods_ios_int2.framework */,
				22EF8BE3AC30BB2706A2F7D6 /* Pods_ios_int2_NotificationService.framework */,
				CC9233212D96BF4100C954DB /* UserNotifications.framework */,
				CC9233232D96BF4100C954DB /* UserNotificationsUI.framework */,
			);
			name = Frameworks;
			sourceTree = "<group>";
		};
		869D76966291EDF9FEE7C8D0 /* Pods */ = {
			isa = PBXGroup;
			children = (
				9B061188A1E7DDC403957D47 /* Pods-ios_int2.debug.xcconfig */,
				1DE1D88D3BB30286E2A7F67F /* Pods-ios_int2.release.xcconfig */,
				81AFC22DF1570C5790A238A4 /* Pods-ios_int2-NotificationService.debug.xcconfig */,
				416490E3BA02F5DD9EB03A70 /* Pods-ios_int2-NotificationService.release.xcconfig */,
			);
			path = Pods;
			sourceTree = "<group>";
		};
		CC185A342D803ABB00008741 = {
			isa = PBXGroup;
			children = (
				CC185A3F2D803ABB00008741 /* ios_int2 */,
				CC185B3F2D82F16B00008741 /* NotificationService */,
				CC9233252D96BF4100C954DB /* NotificationContent */,
				CC185A3E2D803ABB00008741 /* Products */,
				869D76966291EDF9FEE7C8D0 /* Pods */,
				07D24433C64A0EFB0C39604B /* Frameworks */,
			);
			sourceTree = "<group>";
		};
		CC185A3E2D803ABB00008741 /* Products */ = {
			isa = PBXGroup;
			children = (
				CC185A3D2D803ABB00008741 /* ios_int2.app */,
				CC185B3E2D82F16A00008741 /* NotificationService.appex */,
			);
			name = Products;
			sourceTree = "<group>";
		};
/* End PBXGroup section */

/* Begin PBXNativeTarget section */
		CC185A3C2D803ABB00008741 /* ios_int2 */ = {
			isa = PBXNativeTarget;
			buildConfigurationList = CC185A502D803ABD00008741 /* Build configuration list for PBXNativeTarget "ios_int2" */;
			buildPhases = (
				A83D766F0193C51D364FF6A4 /* [CP] Check Pods Manifest.lock */,
				CC185A392D803ABB00008741 /* Sources */,
				CC185A3A2D803ABB00008741 /* Frameworks */,
				CC185A3B2D803ABB00008741 /* Resources */,
				5BE46F81C2A58C87464D9BD7 /* [CP] Embed Pods Frameworks */,
				CC185B462D82F16B00008741 /* Embed Foundation Extensions */,
			);
			buildRules = (
			);
			dependencies = (
				CC185B442D82F16B00008741 /* PBXTargetDependency */,
			);
			fileSystemSynchronizedGroups = (
				CC185A3F2D803ABB00008741 /* ios_int2 */,
			);
			name = ios_int2;
			productName = ios_int2;
			productReference = CC185A3D2D803ABB00008741 /* ios_int2.app */;
			productType = "com.apple.product-type.application";
		};
		CC185B3D2D82F16A00008741 /* NotificationService */ = {
			isa = PBXNativeTarget;
			buildConfigurationList = CC185B492D82F16B00008741 /* Build configuration list for PBXNativeTarget "NotificationService" */;
			buildPhases = (
				CA960A5070EA4C036174CD8F /* [CP] Check Pods Manifest.lock */,
				CC185B3A2D82F16A00008741 /* Sources */,
				CC185B3B2D82F16A00008741 /* Frameworks */,
				CC185B3C2D82F16A00008741 /* Resources */,
			);
			buildRules = (
			);
			dependencies = (
			);
			fileSystemSynchronizedGroups = (
				CC185B3F2D82F16B00008741 /* NotificationService */,
			);
			name = NotificationService;
			packageProductDependencies = (
				CC185B592D82F47F00008741 /* CleverTapSDK */,
			);
			productName = NotificationService;
			productReference = CC185B3E2D82F16A00008741 /* NotificationService.appex */;
			productType = "com.apple.product-type.app-extension";
		};
/* End PBXNativeTarget section */

/* Begin PBXProject section */
		CC185A352D803ABB00008741 /* Project object */ = {
			isa = PBXProject;
			attributes = {
				BuildIndependentTargetsInParallel = 1;
				LastSwiftUpdateCheck = 1620;
				LastUpgradeCheck = 1620;
				TargetAttributes = {
					CC185A3C2D803ABB00008741 = {
						CreatedOnToolsVersion = 16.2;
					};
					CC185B3D2D82F16A00008741 = {
						CreatedOnToolsVersion = 16.2;
					};
				};
			};
			buildConfigurationList = CC185A382D803ABB00008741 /* Build configuration list for PBXProject "ios_int2" */;
			developmentRegion = en;
			hasScannedForEncodings = 0;
			knownRegions = (
				en,
				Base,
			);
			mainGroup = CC185A342D803ABB00008741;
			minimizedProjectReferenceProxies = 1;
			packageReferences = (
				CC185B582D82F47600008741 /* XCRemoteSwiftPackageReference "clevertap-ios-sdk" */,
			);
			preferredProjectObjectVersion = 77;
			productRefGroup = CC185A3E2D803ABB00008741 /* Products */;
			projectDirPath = "";
			projectRoot = "";
			targets = (
				CC185A3C2D803ABB00008741 /* ios_int2 */,
				CC185B3D2D82F16A00008741 /* NotificationService */,
			);
		};
/* End PBXProject section */

/* Begin PBXResourcesBuildPhase section */
		CC185A3B2D803ABB00008741 /* Resources */ = {
			isa = PBXResourcesBuildPhase;
			buildActionMask = 2147483647;
			files = (
			);
			runOnlyForDeploymentPostprocessing = 0;
		};
		CC185B3C2D82F16A00008741 /* Resources */ = {
			isa = PBXResourcesBuildPhase;
			buildActionMask = 2147483647;
			files = (
			);
			runOnlyForDeploymentPostprocessing = 0;
		};
/* End PBXResourcesBuildPhase section */

/* Begin PBXShellScriptBuildPhase section */
		5BE46F81C2A58C87464D9BD7 /* [CP] Embed Pods Frameworks */ = {
			isa = PBXShellScriptBuildPhase;
			buildActionMask = 2147483647;
			files = (
			);
			inputFileListPaths = (
				"${PODS_ROOT}/Target Support Files/Pods-ios_int2/Pods-ios_int2-frameworks-${CONFIGURATION}-input-files.xcfilelist",
			);
			name = "[CP] Embed Pods Frameworks";
			outputFileListPaths = (
				"${PODS_ROOT}/Target Support Files/Pods-ios_int2/Pods-ios_int2-frameworks-${CONFIGURATION}-output-files.xcfilelist",
			);
			runOnlyForDeploymentPostprocessing = 0;
			shellPath = /bin/sh;
			shellScript = "\"${PODS_ROOT}/Target Support Files/Pods-ios_int2/Pods-ios_int2-frameworks.sh\"\n";
			showEnvVarsInLog = 0;
		};
		A83D766F0193C51D364FF6A4 /* [CP] Check Pods Manifest.lock */ = {
			isa = PBXShellScriptBuildPhase;
			buildActionMask = 2147483647;
			files = (
			);
			inputFileListPaths = (
			);
			inputPaths = (
				"${PODS_PODFILE_DIR_PATH}/Podfile.lock",
				"${PODS_ROOT}/Manifest.lock",
			);
			name = "[CP] Check Pods Manifest.lock";
			outputFileListPaths = (
			);
			outputPaths = (
				"$(DERIVED_FILE_DIR)/Pods-ios_int2-checkManifestLockResult.txt",
			);
			runOnlyForDeploymentPostprocessing = 0;
			shellPath = /bin/sh;
			shellScript = "diff \"${PODS_PODFILE_DIR_PATH}/Podfile.lock\" \"${PODS_ROOT}/Manifest.lock\" > /dev/null\nif [ $? != 0 ] ; then\n    # print error to STDERR\n    echo \"error: The sandbox is not in sync with the Podfile.lock. Run 'pod install' or update your CocoaPods installation.\" >&2\n    exit 1\nfi\n# This output is used by Xcode 'outputs' to avoid re-running this script phase.\necho \"SUCCESS\" > \"${SCRIPT_OUTPUT_FILE_0}\"\n";
			showEnvVarsInLog = 0;
		};
		CA960A5070EA4C036174CD8F /* [CP] Check Pods Manifest.lock */ = {
			isa = PBXShellScriptBuildPhase;
			buildActionMask = 2147483647;
			files = (
			);
			inputFileListPaths = (
			);
			inputPaths = (
				"${PODS_PODFILE_DIR_PATH}/Podfile.lock",
				"${PODS_ROOT}/Manifest.lock",
			);
			name = "[CP] Check Pods Manifest.lock";
			outputFileListPaths = (
			);
			outputPaths = (
				"$(DERIVED_FILE_DIR)/Pods-ios_int2-NotificationService-checkManifestLockResult.txt",
			);
			runOnlyForDeploymentPostprocessing = 0;
			shellPath = /bin/sh;
			shellScript = "diff \"${PODS_PODFILE_DIR_PATH}/Podfile.lock\" \"${PODS_ROOT}/Manifest.lock\" > /dev/null\nif [ $? != 0 ] ; then\n    # print error to STDERR\n    echo \"error: The sandbox is not in sync with the Podfile.lock. Run 'pod install' or update your CocoaPods installation.\" >&2\n    exit 1\nfi\n# This output is used by Xcode 'outputs' to avoid re-running this script phase.\necho \"SUCCESS\" > \"${SCRIPT_OUTPUT_FILE_0}\"\n";
			showEnvVarsInLog = 0;
		};
/* End PBXShellScriptBuildPhase section */

/* Begin PBXSourcesBuildPhase section */
		CC185A392D803ABB00008741 /* Sources */ = {
			isa = PBXSourcesBuildPhase;
			buildActionMask = 2147483647;
			files = (
			);
			runOnlyForDeploymentPostprocessing = 0;
		};
		CC185B3A2D82F16A00008741 /* Sources */ = {
			isa = PBXSourcesBuildPhase;
			buildActionMask = 2147483647;
			files = (
			);
			runOnlyForDeploymentPostprocessing = 0;
		};
/* End PBXSourcesBuildPhase section */

/* Begin PBXTargetDependency section */
		CC185B442D82F16B00008741 /* PBXTargetDependency */ = {
			isa = PBXTargetDependency;
			target = CC185B3D2D82F16A00008741 /* NotificationService */;
			targetProxy = CC185B432D82F16B00008741 /* PBXContainerItemProxy */;
		};
/* End PBXTargetDependency section */

/* Begin XCBuildConfiguration section */
		CC185A512D803ABD00008741 /* Debug */ = {
			isa = XCBuildConfiguration;
			baseConfigurationReference = 9B061188A1E7DDC403957D47 /* Pods-ios_int2.debug.xcconfig */;
			buildSettings = {
				ASSETCATALOG_COMPILER_APPICON_NAME = AppIcon;
				ASSETCATALOG_COMPILER_GLOBAL_ACCENT_COLOR_NAME = AccentColor;
				CODE_SIGN_ENTITLEMENTS = ios_int2/ios_int2.entitlements;
				CODE_SIGN_STYLE = Automatic;
				CURRENT_PROJECT_VERSION = 1;
				DEVELOPMENT_TEAM = 6MY4LZCCZA;
				GENERATE_INFOPLIST_FILE = YES;
				INFOPLIST_FILE = ios_int2/Info.plist;
				INFOPLIST_KEY_UIApplicationSupportsIndirectInputEvents = YES;
				INFOPLIST_KEY_UILaunchStoryboardName = LaunchScreen;
				INFOPLIST_KEY_UIMainStoryboardFile = Main;
				INFOPLIST_KEY_UISupportedInterfaceOrientations_iPad = "UIInterfaceOrientationPortrait UIInterfaceOrientationPortraitUpsideDown UIInterfaceOrientationLandscapeLeft UIInterfaceOrientationLandscapeRight";
				INFOPLIST_KEY_UISupportedInterfaceOrientations_iPhone = "UIInterfaceOrientationPortrait UIInterfaceOrientationLandscapeLeft UIInterfaceOrientationLandscapeRight";
				IPHONEOS_DEPLOYMENT_TARGET = 16.6;
				LD_RUNPATH_SEARCH_PATHS = (
					"$(inherited)",
					"@executable_path/Frameworks",
				);
				MARKETING_VERSION = 1.0;
				PRODUCT_BUNDLE_IDENTIFIER = com.clevertap.NotificationService;
				PRODUCT_NAME = "$(TARGET_NAME)";
				SWIFT_EMIT_LOC_STRINGS = YES;
				SWIFT_VERSION = 5.0;
				TARGETED_DEVICE_FAMILY = "1,2";
			};
			name = Debug;
		};
		CC185A522D803ABD00008741 /* Release */ = {
			isa = XCBuildConfiguration;
			baseConfigurationReference = 1DE1D88D3BB30286E2A7F67F /* Pods-ios_int2.release.xcconfig */;
			buildSettings = {
				ASSETCATALOG_COMPILER_APPICON_NAME = AppIcon;
				ASSETCATALOG_COMPILER_GLOBAL_ACCENT_COLOR_NAME = AccentColor;
				CODE_SIGN_ENTITLEMENTS = ios_int2/ios_int2.entitlements;
				CODE_SIGN_STYLE = Automatic;
				CURRENT_PROJECT_VERSION = 1;
				DEVELOPMENT_TEAM = 6MY4LZCCZA;
				GENERATE_INFOPLIST_FILE = YES;
				INFOPLIST_FILE = ios_int2/Info.plist;
				INFOPLIST_KEY_UIApplicationSupportsIndirectInputEvents = YES;
				INFOPLIST_KEY_UILaunchStoryboardName = LaunchScreen;
				INFOPLIST_KEY_UIMainStoryboardFile = Main;
				INFOPLIST_KEY_UISupportedInterfaceOrientations_iPad = "UIInterfaceOrientationPortrait UIInterfaceOrientationPortraitUpsideDown UIInterfaceOrientationLandscapeLeft UIInterfaceOrientationLandscapeRight";
				INFOPLIST_KEY_UISupportedInterfaceOrientations_iPhone = "UIInterfaceOrientationPortrait UIInterfaceOrientationLandscapeLeft UIInterfaceOrientationLandscapeRight";
				IPHONEOS_DEPLOYMENT_TARGET = 16.6;
				LD_RUNPATH_SEARCH_PATHS = (
					"$(inherited)",
					"@executable_path/Frameworks",
				);
				MARKETING_VERSION = 1.0;
				PRODUCT_BUNDLE_IDENTIFIER = com.clevertap.NotificationService;
				PRODUCT_NAME = "$(TARGET_NAME)";
				SWIFT_EMIT_LOC_STRINGS = YES;
				SWIFT_VERSION = 5.0;
				TARGETED_DEVICE_FAMILY = "1,2";
			};
			name = Release;
		};
		CC185A532D803ABD00008741 /* Debug */ = {
			isa = XCBuildConfiguration;
			buildSettings = {
				ALWAYS_SEARCH_USER_PATHS = NO;
				ASSETCATALOG_COMPILER_GENERATE_SWIFT_ASSET_SYMBOL_EXTENSIONS = YES;
				CLANG_ANALYZER_NONNULL = YES;
				CLANG_ANALYZER_NUMBER_OBJECT_CONVERSION = YES_AGGRESSIVE;
				CLANG_CXX_LANGUAGE_STANDARD = "gnu++20";
				CLANG_ENABLE_MODULES = YES;
				CLANG_ENABLE_OBJC_ARC = YES;
				CLANG_ENABLE_OBJC_WEAK = YES;
				CLANG_WARN_BLOCK_CAPTURE_AUTORELEASING = YES;
				CLANG_WARN_BOOL_CONVERSION = YES;
				CLANG_WARN_COMMA = YES;
				CLANG_WARN_CONSTANT_CONVERSION = YES;
				CLANG_WARN_DEPRECATED_OBJC_IMPLEMENTATIONS = YES;
				CLANG_WARN_DIRECT_OBJC_ISA_USAGE = YES_ERROR;
				CLANG_WARN_DOCUMENTATION_COMMENTS = YES;
				CLANG_WARN_EMPTY_BODY = YES;
				CLANG_WARN_ENUM_CONVERSION = YES;
				CLANG_WARN_INFINITE_RECURSION = YES;
				CLANG_WARN_INT_CONVERSION = YES;
				CLANG_WARN_NON_LITERAL_NULL_CONVERSION = YES;
				CLANG_WARN_OBJC_IMPLICIT_RETAIN_SELF = YES;
				CLANG_WARN_OBJC_LITERAL_CONVERSION = YES;
				CLANG_WARN_OBJC_ROOT_CLASS = YES_ERROR;
				CLANG_WARN_QUOTED_INCLUDE_IN_FRAMEWORK_HEADER = YES;
				CLANG_WARN_RANGE_LOOP_ANALYSIS = YES;
				CLANG_WARN_STRICT_PROTOTYPES = YES;
				CLANG_WARN_SUSPICIOUS_MOVE = YES;
				CLANG_WARN_UNGUARDED_AVAILABILITY = YES_AGGRESSIVE;
				CLANG_WARN_UNREACHABLE_CODE = YES;
				CLANG_WARN__DUPLICATE_METHOD_MATCH = YES;
				COPY_PHASE_STRIP = NO;
				DEBUG_INFORMATION_FORMAT = dwarf;
				ENABLE_STRICT_OBJC_MSGSEND = YES;
				ENABLE_TESTABILITY = YES;
				ENABLE_USER_SCRIPT_SANDBOXING = NO;
				GCC_C_LANGUAGE_STANDARD = gnu17;
				GCC_DYNAMIC_NO_PIC = NO;
				GCC_NO_COMMON_BLOCKS = YES;
				GCC_OPTIMIZATION_LEVEL = 0;
				GCC_PREPROCESSOR_DEFINITIONS = (
					"DEBUG=1",
					"$(inherited)",
				);
				GCC_WARN_64_TO_32_BIT_CONVERSION = YES;
				GCC_WARN_ABOUT_RETURN_TYPE = YES_ERROR;
				GCC_WARN_UNDECLARED_SELECTOR = YES;
				GCC_WARN_UNINITIALIZED_AUTOS = YES_AGGRESSIVE;
				GCC_WARN_UNUSED_FUNCTION = YES;
				GCC_WARN_UNUSED_VARIABLE = YES;
				IPHONEOS_DEPLOYMENT_TARGET = 18.2;
				LOCALIZATION_PREFERS_STRING_CATALOGS = YES;
				MTL_ENABLE_DEBUG_INFO = INCLUDE_SOURCE;
				MTL_FAST_MATH = YES;
				ONLY_ACTIVE_ARCH = YES;
				SDKROOT = iphoneos;
				SWIFT_ACTIVE_COMPILATION_CONDITIONS = "DEBUG $(inherited)";
				SWIFT_OPTIMIZATION_LEVEL = "-Onone";
			};
			name = Debug;
		};
		CC185A542D803ABD00008741 /* Release */ = {
			isa = XCBuildConfiguration;
			buildSettings = {
				ALWAYS_SEARCH_USER_PATHS = NO;
				ASSETCATALOG_COMPILER_GENERATE_SWIFT_ASSET_SYMBOL_EXTENSIONS = YES;
				CLANG_ANALYZER_NONNULL = YES;
				CLANG_ANALYZER_NUMBER_OBJECT_CONVERSION = YES_AGGRESSIVE;
				CLANG_CXX_LANGUAGE_STANDARD = "gnu++20";
				CLANG_ENABLE_MODULES = YES;
				CLANG_ENABLE_OBJC_ARC = YES;
				CLANG_ENABLE_OBJC_WEAK = YES;
				CLANG_WARN_BLOCK_CAPTURE_AUTORELEASING = YES;
				CLANG_WARN_BOOL_CONVERSION = YES;
				CLANG_WARN_COMMA = YES;
				CLANG_WARN_CONSTANT_CONVERSION = YES;
				CLANG_WARN_DEPRECATED_OBJC_IMPLEMENTATIONS = YES;
				CLANG_WARN_DIRECT_OBJC_ISA_USAGE = YES_ERROR;
				CLANG_WARN_DOCUMENTATION_COMMENTS = YES;
				CLANG_WARN_EMPTY_BODY = YES;
				CLANG_WARN_ENUM_CONVERSION = YES;
				CLANG_WARN_INFINITE_RECURSION = YES;
				CLANG_WARN_INT_CONVERSION = YES;
				CLANG_WARN_NON_LITERAL_NULL_CONVERSION = YES;
				CLANG_WARN_OBJC_IMPLICIT_RETAIN_SELF = YES;
				CLANG_WARN_OBJC_LITERAL_CONVERSION = YES;
				CLANG_WARN_OBJC_ROOT_CLASS = YES_ERROR;
				CLANG_WARN_QUOTED_INCLUDE_IN_FRAMEWORK_HEADER = YES;
				CLANG_WARN_RANGE_LOOP_ANALYSIS = YES;
				CLANG_WARN_STRICT_PROTOTYPES = YES;
				CLANG_WARN_SUSPICIOUS_MOVE = YES;
				CLANG_WARN_UNGUARDED_AVAILABILITY = YES_AGGRESSIVE;
				CLANG_WARN_UNREACHABLE_CODE = YES;
				CLANG_WARN__DUPLICATE_METHOD_MATCH = YES;
				COPY_PHASE_STRIP = NO;
				DEBUG_INFORMATION_FORMAT = "dwarf-with-dsym";
				ENABLE_NS_ASSERTIONS = NO;
				ENABLE_STRICT_OBJC_MSGSEND = YES;
				ENABLE_USER_SCRIPT_SANDBOXING = NO;
				GCC_C_LANGUAGE_STANDARD = gnu17;
				GCC_NO_COMMON_BLOCKS = YES;
				GCC_WARN_64_TO_32_BIT_CONVERSION = YES;
				GCC_WARN_ABOUT_RETURN_TYPE = YES_ERROR;
				GCC_WARN_UNDECLARED_SELECTOR = YES;
				GCC_WARN_UNINITIALIZED_AUTOS = YES_AGGRESSIVE;
				GCC_WARN_UNUSED_FUNCTION = YES;
				GCC_WARN_UNUSED_VARIABLE = YES;
				IPHONEOS_DEPLOYMENT_TARGET = 18.2;
				LOCALIZATION_PREFERS_STRING_CATALOGS = YES;
				MTL_ENABLE_DEBUG_INFO = NO;
				MTL_FAST_MATH = YES;
				SDKROOT = iphoneos;
				SWIFT_COMPILATION_MODE = wholemodule;
				VALIDATE_PRODUCT = YES;
			};
			name = Release;
		};
		CC185B472D82F16B00008741 /* Debug */ = {
			isa = XCBuildConfiguration;
			baseConfigurationReference = 81AFC22DF1570C5790A238A4 /* Pods-ios_int2-NotificationService.debug.xcconfig */;
			buildSettings = {
				CODE_SIGN_STYLE = Automatic;
				CURRENT_PROJECT_VERSION = 1;
				DEVELOPMENT_TEAM = 6MY4LZCCZA;
				ENABLE_USER_SCRIPT_SANDBOXING = YES;
				GENERATE_INFOPLIST_FILE = YES;
				INFOPLIST_FILE = NotificationService/Info.plist;
				INFOPLIST_KEY_CFBundleDisplayName = NotificationService;
				INFOPLIST_KEY_NSHumanReadableCopyright = "";
				IPHONEOS_DEPLOYMENT_TARGET = 16.6;
				LD_RUNPATH_SEARCH_PATHS = (
					"$(inherited)",
					"@executable_path/Frameworks",
					"@executable_path/../../Frameworks",
				);
				MARKETING_VERSION = 1.0;
				PRODUCT_BUNDLE_IDENTIFIER = com.clevertap.NotificationService.NotificationService;
				PRODUCT_NAME = "$(TARGET_NAME)";
				SKIP_INSTALL = YES;
				SWIFT_EMIT_LOC_STRINGS = YES;
				SWIFT_VERSION = 5.0;
				TARGETED_DEVICE_FAMILY = "1,2";
			};
			name = Debug;
		};
		CC185B482D82F16B00008741 /* Release */ = {
			isa = XCBuildConfiguration;
			baseConfigurationReference = 416490E3BA02F5DD9EB03A70 /* Pods-ios_int2-NotificationService.release.xcconfig */;
			buildSettings = {
				CODE_SIGN_STYLE = Automatic;
				CURRENT_PROJECT_VERSION = 1;
				DEVELOPMENT_TEAM = 6MY4LZCCZA;
				ENABLE_USER_SCRIPT_SANDBOXING = YES;
				GENERATE_INFOPLIST_FILE = YES;
				INFOPLIST_FILE = NotificationService/Info.plist;
				INFOPLIST_KEY_CFBundleDisplayName = NotificationService;
				INFOPLIST_KEY_NSHumanReadableCopyright = "";
				IPHONEOS_DEPLOYMENT_TARGET = 16.6;
				LD_RUNPATH_SEARCH_PATHS = (
					"$(inherited)",
					"@executable_path/Frameworks",
					"@executable_path/../../Frameworks",
				);
				MARKETING_VERSION = 1.0;
				PRODUCT_BUNDLE_IDENTIFIER = com.clevertap.NotificationService.NotificationService;
				PRODUCT_NAME = "$(TARGET_NAME)";
				SKIP_INSTALL = YES;
				SWIFT_EMIT_LOC_STRINGS = YES;
				SWIFT_VERSION = 5.0;
				TARGETED_DEVICE_FAMILY = "1,2";
			};
			name = Release;
		};
/* End XCBuildConfiguration section */

/* Begin XCConfigurationList section */
		CC185A382D803ABB00008741 /* Build configuration list for PBXProject "ios_int2" */ = {
			isa = XCConfigurationList;
			buildConfigurations = (
				CC185A532D803ABD00008741 /* Debug */,
				CC185A542D803ABD00008741 /* Release */,
			);
			defaultConfigurationIsVisible = 0;
			defaultConfigurationName = Release;
		};
		CC185A502D803ABD00008741 /* Build configuration list for PBXNativeTarget "ios_int2" */ = {
			isa = XCConfigurationList;
			buildConfigurations = (
				CC185A512D803ABD00008741 /* Debug */,
				CC185A522D803ABD00008741 /* Release */,
			);
			defaultConfigurationIsVisible = 0;
			defaultConfigurationName = Release;
		};
		CC185B492D82F16B00008741 /* Build configuration list for PBXNativeTarget "NotificationService" */ = {
			isa = XCConfigurationList;
			buildConfigurations = (
				CC185B472D82F16B00008741 /* Debug */,
				CC185B482D82F16B00008741 /* Release */,
			);
			defaultConfigurationIsVisible = 0;
			defaultConfigurationName = Release;
		};
/* End XCConfigurationList section */

/* Begin XCRemoteSwiftPackageReference section */
		CC185B582D82F47600008741 /* XCRemoteSwiftPackageReference "clevertap-ios-sdk" */ = {
			isa = XCRemoteSwiftPackageReference;
			repositoryURL = "https://github.com/CleverTap/clevertap-ios-sdk.git";
			requirement = {
				kind = upToNextMajorVersion;
				minimumVersion = 7.1.0;
			};
		};
/* End XCRemoteSwiftPackageReference section */

/* Begin XCSwiftPackageProductDependency section */
		CC185B592D82F47F00008741 /* CleverTapSDK */ = {
			isa = XCSwiftPackageProductDependency;
			package = CC185B582D82F47600008741 /* XCRemoteSwiftPackageReference "clevertap-ios-sdk" */;
			productName = CleverTapSDK;
		};
/* End XCSwiftPackageProductDependency section */
	};
	rootObject = CC185A352D803ABB00008741 /* Project object */;
}
